// !$*UTF8*$!
{
	archiveVersion = 1;
	classes = {
	};
	objectVersion = 56;
	objects = {

/* Begin PBXBuildFile section */
		B290C6932989970B00FA63FB /* ContentView.swift in Sources */ = {isa = PBXBuildFile; fileRef = B290C6922989970B00FA63FB /* ContentView.swift */; };
		B290C6952989970F00FA63FB /* Assets.xcassets in Resources */ = {isa = PBXBuildFile; fileRef = B290C6942989970F00FA63FB /* Assets.xcassets */; };
		B290C6982989970F00FA63FB /* Preview Assets.xcassets in Resources */ = {isa = PBXBuildFile; fileRef = B290C6972989970F00FA63FB /* Preview Assets.xcassets */; };
		B290C69C298997E900FA63FB /* Assets.xcassets in Resources */ = {isa = PBXBuildFile; fileRef = B2C0665A2981933600BD5DBA /* Assets.xcassets */; };
		B290C69D298997E900FA63FB /* Model Data.swift in Sources */ = {isa = PBXBuildFile; fileRef = B2C066742984190B00BD5DBA /* Model Data.swift */; };
		B290C69F298997E900FA63FB /* departuresData.json in Resources */ = {isa = PBXBuildFile; fileRef = B2C066702984171800BD5DBA /* departuresData.json */; };
		B290C6A0298997E900FA63FB /* Config.swift in Sources */ = {isa = PBXBuildFile; fileRef = B2A13A21298823FD00D23A20 /* Config.swift */; };
		B290C6A1298997E900FA63FB /* DeparturesService.swift in Sources */ = {isa = PBXBuildFile; fileRef = B2C066722984175700BD5DBA /* DeparturesService.swift */; };
		B290C6A2298997E900FA63FB /* Now_BoardingApp.swift in Sources */ = {isa = PBXBuildFile; fileRef = B2C066562981933400BD5DBA /* Now_BoardingApp.swift */; };
		B290C6A6298998CD00FA63FB /* DepartureDetailView.swift in Sources */ = {isa = PBXBuildFile; fileRef = B290C6A5298998CD00FA63FB /* DepartureDetailView.swift */; };
		B290C6A829899AD500FA63FB /* DepartureNavigation.swift in Sources */ = {isa = PBXBuildFile; fileRef = B290C6A729899AD500FA63FB /* DepartureNavigation.swift */; };
		B2A13A22298823FD00D23A20 /* Config.swift in Sources */ = {isa = PBXBuildFile; fileRef = B2A13A21298823FD00D23A20 /* Config.swift */; };
		B2A13A2729882A8E00D23A20 /* .gitignore in Resources */ = {isa = PBXBuildFile; fileRef = B2A13A2629882A8E00D23A20 /* .gitignore */; };
		B2A13A2929882B6D00D23A20 /* ConfigHost.swift in Sources */ = {isa = PBXBuildFile; fileRef = B2A13A2829882B6D00D23A20 /* ConfigHost.swift */; };
		B2A13A2B298832C400D23A20 /* ConfigSummary.swift in Sources */ = {isa = PBXBuildFile; fileRef = B2A13A2A298832C400D23A20 /* ConfigSummary.swift */; };
		B2A13A2D2988FD1300D23A20 /* ConfigEditor.swift in Sources */ = {isa = PBXBuildFile; fileRef = B2A13A2C2988FD1300D23A20 /* ConfigEditor.swift */; };
		B2ACD574298EEAF00099385F /* DeparturesRow.swift in Sources */ = {isa = PBXBuildFile; fileRef = B2ACD573298EEAF00099385F /* DeparturesRow.swift */; };
		B2ACD575298EEB4D0099385F /* DepartureList.swift in Sources */ = {isa = PBXBuildFile; fileRef = B2C0667A298424A300BD5DBA /* DepartureList.swift */; };
		B2C066572981933400BD5DBA /* Now_BoardingApp.swift in Sources */ = {isa = PBXBuildFile; fileRef = B2C066562981933400BD5DBA /* Now_BoardingApp.swift */; };
		B2C066592981933400BD5DBA /* ContentView.swift in Sources */ = {isa = PBXBuildFile; fileRef = B2C066582981933400BD5DBA /* ContentView.swift */; };
		B2C0665B2981933600BD5DBA /* Assets.xcassets in Resources */ = {isa = PBXBuildFile; fileRef = B2C0665A2981933600BD5DBA /* Assets.xcassets */; };
		B2C0665E2981933600BD5DBA /* Preview Assets.xcassets in Resources */ = {isa = PBXBuildFile; fileRef = B2C0665D2981933600BD5DBA /* Preview Assets.xcassets */; };
		B2C066602981933600BD5DBA /* Persistence.swift in Sources */ = {isa = PBXBuildFile; fileRef = B2C0665F2981933600BD5DBA /* Persistence.swift */; };
		B2C066632981933600BD5DBA /* Now_Boarding.xcdatamodeld in Sources */ = {isa = PBXBuildFile; fileRef = B2C066612981933600BD5DBA /* Now_Boarding.xcdatamodeld */; };
		B2C066712984171800BD5DBA /* departuresData.json in Resources */ = {isa = PBXBuildFile; fileRef = B2C066702984171800BD5DBA /* departuresData.json */; };
		B2C066732984175700BD5DBA /* DeparturesService.swift in Sources */ = {isa = PBXBuildFile; fileRef = B2C066722984175700BD5DBA /* DeparturesService.swift */; };
		B2C066752984190B00BD5DBA /* Model Data.swift in Sources */ = {isa = PBXBuildFile; fileRef = B2C066742984190B00BD5DBA /* Model Data.swift */; };
		B2C0667929841A7000BD5DBA /* DeparturesRow.swift in Sources */ = {isa = PBXBuildFile; fileRef = B2C0667829841A7000BD5DBA /* DeparturesRow.swift */; };
		B2C0667B298424A300BD5DBA /* DepartureList.swift in Sources */ = {isa = PBXBuildFile; fileRef = B2C0667A298424A300BD5DBA /* DepartureList.swift */; };
		B2C0667D29842A1500BD5DBA /* DepartureDetailView.swift in Sources */ = {isa = PBXBuildFile; fileRef = B2C0667C29842A1500BD5DBA /* DepartureDetailView.swift */; };
/* End PBXBuildFile section */

/* Begin PBXFileReference section */
		B290C68E2989970B00FA63FB /* Now Boarding Watch Watch App.app */ = {isa = PBXFileReference; explicitFileType = wrapper.application; includeInIndex = 0; path = "Now Boarding Watch Watch App.app"; sourceTree = BUILT_PRODUCTS_DIR; };
		B290C6922989970B00FA63FB /* ContentView.swift */ = {isa = PBXFileReference; lastKnownFileType = sourcecode.swift; path = ContentView.swift; sourceTree = "<group>"; };
		B290C6942989970F00FA63FB /* Assets.xcassets */ = {isa = PBXFileReference; lastKnownFileType = folder.assetcatalog; path = Assets.xcassets; sourceTree = "<group>"; };
		B290C6972989970F00FA63FB /* Preview Assets.xcassets */ = {isa = PBXFileReference; lastKnownFileType = folder.assetcatalog; path = "Preview Assets.xcassets"; sourceTree = "<group>"; };
		B290C6A5298998CD00FA63FB /* DepartureDetailView.swift */ = {isa = PBXFileReference; lastKnownFileType = sourcecode.swift; path = DepartureDetailView.swift; sourceTree = "<group>"; };
		B290C6A729899AD500FA63FB /* DepartureNavigation.swift */ = {isa = PBXFileReference; lastKnownFileType = sourcecode.swift; path = DepartureNavigation.swift; sourceTree = "<group>"; };
		B2A13A21298823FD00D23A20 /* Config.swift */ = {isa = PBXFileReference; lastKnownFileType = sourcecode.swift; path = Config.swift; sourceTree = "<group>"; };
		B2A13A2629882A8E00D23A20 /* .gitignore */ = {isa = PBXFileReference; lastKnownFileType = text; path = .gitignore; sourceTree = "<group>"; };
		B2A13A2829882B6D00D23A20 /* ConfigHost.swift */ = {isa = PBXFileReference; lastKnownFileType = sourcecode.swift; path = ConfigHost.swift; sourceTree = "<group>"; };
		B2A13A2A298832C400D23A20 /* ConfigSummary.swift */ = {isa = PBXFileReference; lastKnownFileType = sourcecode.swift; path = ConfigSummary.swift; sourceTree = "<group>"; };
		B2A13A2C2988FD1300D23A20 /* ConfigEditor.swift */ = {isa = PBXFileReference; lastKnownFileType = sourcecode.swift; path = ConfigEditor.swift; sourceTree = "<group>"; };
		B2ACD573298EEAF00099385F /* DeparturesRow.swift */ = {isa = PBXFileReference; lastKnownFileType = sourcecode.swift; path = DeparturesRow.swift; sourceTree = "<group>"; };
		B2C066532981933400BD5DBA /* Now Boarding.app */ = {isa = PBXFileReference; explicitFileType = wrapper.application; includeInIndex = 0; path = "Now Boarding.app"; sourceTree = BUILT_PRODUCTS_DIR; };
		B2C066562981933400BD5DBA /* Now_BoardingApp.swift */ = {isa = PBXFileReference; lastKnownFileType = sourcecode.swift; path = Now_BoardingApp.swift; sourceTree = "<group>"; };
		B2C066582981933400BD5DBA /* ContentView.swift */ = {isa = PBXFileReference; lastKnownFileType = sourcecode.swift; path = ContentView.swift; sourceTree = "<group>"; };
		B2C0665A2981933600BD5DBA /* Assets.xcassets */ = {isa = PBXFileReference; lastKnownFileType = folder.assetcatalog; path = Assets.xcassets; sourceTree = "<group>"; };
		B2C0665D2981933600BD5DBA /* Preview Assets.xcassets */ = {isa = PBXFileReference; lastKnownFileType = folder.assetcatalog; path = "Preview Assets.xcassets"; sourceTree = "<group>"; };
		B2C0665F2981933600BD5DBA /* Persistence.swift */ = {isa = PBXFileReference; lastKnownFileType = sourcecode.swift; path = Persistence.swift; sourceTree = "<group>"; };
		B2C066622981933600BD5DBA /* Now_Boarding.xcdatamodel */ = {isa = PBXFileReference; lastKnownFileType = wrapper.xcdatamodel; path = Now_Boarding.xcdatamodel; sourceTree = "<group>"; };
		B2C066702984171800BD5DBA /* departuresData.json */ = {isa = PBXFileReference; fileEncoding = 4; lastKnownFileType = text.json; path = departuresData.json; sourceTree = "<group>"; };
		B2C066722984175700BD5DBA /* DeparturesService.swift */ = {isa = PBXFileReference; lastKnownFileType = sourcecode.swift; name = DeparturesService.swift; path = "Now Boarding/Model/DeparturesService.swift"; sourceTree = SOURCE_ROOT; };
		B2C066742984190B00BD5DBA /* Model Data.swift */ = {isa = PBXFileReference; lastKnownFileType = sourcecode.swift; path = "Model Data.swift"; sourceTree = "<group>"; };
		B2C0667829841A7000BD5DBA /* DeparturesRow.swift */ = {isa = PBXFileReference; lastKnownFileType = sourcecode.swift; path = DeparturesRow.swift; sourceTree = "<group>"; };
		B2C0667A298424A300BD5DBA /* DepartureList.swift */ = {isa = PBXFileReference; lastKnownFileType = sourcecode.swift; path = DepartureList.swift; sourceTree = "<group>"; };
		B2C0667C29842A1500BD5DBA /* DepartureDetailView.swift */ = {isa = PBXFileReference; lastKnownFileType = sourcecode.swift; path = DepartureDetailView.swift; sourceTree = "<group>"; };
/* End PBXFileReference section */

/* Begin PBXFrameworksBuildPhase section */
		B290C68B2989970B00FA63FB /* Frameworks */ = {
			isa = PBXFrameworksBuildPhase;
			buildActionMask = 2147483647;
			files = (
			);
			runOnlyForDeploymentPostprocessing = 0;
		};
		B2C066502981933400BD5DBA /* Frameworks */ = {
			isa = PBXFrameworksBuildPhase;
			buildActionMask = 2147483647;
			files = (
			);
			runOnlyForDeploymentPostprocessing = 0;
		};
/* End PBXFrameworksBuildPhase section */

/* Begin PBXGroup section */
		B290C68F2989970B00FA63FB /* Now Boarding Watch Watch App */ = {
			isa = PBXGroup;
			children = (
				B290C6A4298998B400FA63FB /* Views */,
				B290C6922989970B00FA63FB /* ContentView.swift */,
				B290C6942989970F00FA63FB /* Assets.xcassets */,
				B290C6962989970F00FA63FB /* Preview Content */,
			);
			path = "Now Boarding Watch Watch App";
			sourceTree = "<group>";
		};
		B290C6962989970F00FA63FB /* Preview Content */ = {
			isa = PBXGroup;
			children = (
				B290C6972989970F00FA63FB /* Preview Assets.xcassets */,
			);
			path = "Preview Content";
			sourceTree = "<group>";
		};
		B290C6A4298998B400FA63FB /* Views */ = {
			isa = PBXGroup;
			children = (
				B290C6A5298998CD00FA63FB /* DepartureDetailView.swift */,
				B2ACD573298EEAF00099385F /* DeparturesRow.swift */,
			);
			path = Views;
			sourceTree = "<group>";
		};
		B290C6A929899ADB00FA63FB /* Departures */ = {
			isa = PBXGroup;
			children = (
				B2C0667C29842A1500BD5DBA /* DepartureDetailView.swift */,
				B2C0667829841A7000BD5DBA /* DeparturesRow.swift */,
				B2C0667A298424A300BD5DBA /* DepartureList.swift */,
				B290C6A729899AD500FA63FB /* DepartureNavigation.swift */,
			);
			path = Departures;
			sourceTree = "<group>";
		};
		B2A13A232988249900D23A20 /* Config */ = {
			isa = PBXGroup;
			children = (
				B2A13A2829882B6D00D23A20 /* ConfigHost.swift */,
				B2A13A2A298832C400D23A20 /* ConfigSummary.swift */,
				B2A13A2C2988FD1300D23A20 /* ConfigEditor.swift */,
			);
			path = Config;
			sourceTree = "<group>";
		};
		B2C0664A2981933400BD5DBA = {
			isa = PBXGroup;
			children = (
				B2A13A2629882A8E00D23A20 /* .gitignore */,
				B2C066552981933400BD5DBA /* Now Boarding */,
				B290C68F2989970B00FA63FB /* Now Boarding Watch Watch App */,
				B2C066542981933400BD5DBA /* Products */,
			);
			sourceTree = "<group>";
		};
		B2C066542981933400BD5DBA /* Products */ = {
			isa = PBXGroup;
			children = (
				B2C066532981933400BD5DBA /* Now Boarding.app */,
				B290C68E2989970B00FA63FB /* Now Boarding Watch Watch App.app */,
			);
			name = Products;
			sourceTree = "<group>";
		};
		B2C066552981933400BD5DBA /* Now Boarding */ = {
			isa = PBXGroup;
			children = (
				B2C0667729841A3000BD5DBA /* Model */,
				B2C06676298419F100BD5DBA /* Views */,
				B2C0666F29840FF200BD5DBA /* Resources */,
				B2C066562981933400BD5DBA /* Now_BoardingApp.swift */,
				B2C0665A2981933600BD5DBA /* Assets.xcassets */,
				B2C0665F2981933600BD5DBA /* Persistence.swift */,
				B2C066612981933600BD5DBA /* Now_Boarding.xcdatamodeld */,
				B2C0665C2981933600BD5DBA /* Preview Content */,
			);
			path = "Now Boarding";
			sourceTree = "<group>";
		};
		B2C0665C2981933600BD5DBA /* Preview Content */ = {
			isa = PBXGroup;
			children = (
				B2C0665D2981933600BD5DBA /* Preview Assets.xcassets */,
			);
			path = "Preview Content";
			sourceTree = "<group>";
		};
		B2C0666F29840FF200BD5DBA /* Resources */ = {
			isa = PBXGroup;
			children = (
				B2C066702984171800BD5DBA /* departuresData.json */,
			);
			path = Resources;
			sourceTree = "<group>";
		};
		B2C06676298419F100BD5DBA /* Views */ = {
			isa = PBXGroup;
			children = (
				B290C6A929899ADB00FA63FB /* Departures */,
				B2A13A232988249900D23A20 /* Config */,
				B2C066582981933400BD5DBA /* ContentView.swift */,
			);
			path = Views;
			sourceTree = "<group>";
		};
		B2C0667729841A3000BD5DBA /* Model */ = {
			isa = PBXGroup;
			children = (
				B2C066722984175700BD5DBA /* DeparturesService.swift */,
				B2C066742984190B00BD5DBA /* Model Data.swift */,
				B2A13A21298823FD00D23A20 /* Config.swift */,
			);
			path = Model;
			sourceTree = "<group>";
		};
/* End PBXGroup section */

/* Begin PBXNativeTarget section */
		B290C68D2989970B00FA63FB /* Now Boarding Watch Watch App */ = {
			isa = PBXNativeTarget;
			buildConfigurationList = B290C69B2989970F00FA63FB /* Build configuration list for PBXNativeTarget "Now Boarding Watch Watch App" */;
			buildPhases = (
				B290C68A2989970B00FA63FB /* Sources */,
				B290C68B2989970B00FA63FB /* Frameworks */,
				B290C68C2989970B00FA63FB /* Resources */,
			);
			buildRules = (
			);
			dependencies = (
			);
			name = "Now Boarding Watch Watch App";
			productName = "Now Boarding Watch Watch App";
			productReference = B290C68E2989970B00FA63FB /* Now Boarding Watch Watch App.app */;
			productType = "com.apple.product-type.application";
		};
		B2C066522981933400BD5DBA /* Now Boarding */ = {
			isa = PBXNativeTarget;
			buildConfigurationList = B2C066662981933600BD5DBA /* Build configuration list for PBXNativeTarget "Now Boarding" */;
			buildPhases = (
				B2C0664F2981933400BD5DBA /* Sources */,
				B2C066502981933400BD5DBA /* Frameworks */,
				B2C066512981933400BD5DBA /* Resources */,
			);
			buildRules = (
			);
			dependencies = (
			);
			name = "Now Boarding";
			productName = "Now Boarding";
			productReference = B2C066532981933400BD5DBA /* Now Boarding.app */;
			productType = "com.apple.product-type.application";
		};
/* End PBXNativeTarget section */

/* Begin PBXProject section */
		B2C0664B2981933400BD5DBA /* Project object */ = {
			isa = PBXProject;
			attributes = {
				BuildIndependentTargetsInParallel = 1;
				LastSwiftUpdateCheck = 1420;
				LastUpgradeCheck = 1420;
				TargetAttributes = {
					B290C68D2989970B00FA63FB = {
						CreatedOnToolsVersion = 14.2;
					};
					B2C066522981933400BD5DBA = {
						CreatedOnToolsVersion = 14.2;
					};
				};
			};
			buildConfigurationList = B2C0664E2981933400BD5DBA /* Build configuration list for PBXProject "Now Boarding" */;
			compatibilityVersion = "Xcode 14.0";
			developmentRegion = en;
			hasScannedForEncodings = 0;
			knownRegions = (
				en,
				Base,
			);
			mainGroup = B2C0664A2981933400BD5DBA;
			productRefGroup = B2C066542981933400BD5DBA /* Products */;
			projectDirPath = "";
			projectRoot = "";
			targets = (
				B2C066522981933400BD5DBA /* Now Boarding */,
				B290C68D2989970B00FA63FB /* Now Boarding Watch Watch App */,
			);
		};
/* End PBXProject section */

/* Begin PBXResourcesBuildPhase section */
		B290C68C2989970B00FA63FB /* Resources */ = {
			isa = PBXResourcesBuildPhase;
			buildActionMask = 2147483647;
			files = (
				B290C69F298997E900FA63FB /* departuresData.json in Resources */,
				B290C6982989970F00FA63FB /* Preview Assets.xcassets in Resources */,
				B290C69C298997E900FA63FB /* Assets.xcassets in Resources */,
				B290C6952989970F00FA63FB /* Assets.xcassets in Resources */,
			);
			runOnlyForDeploymentPostprocessing = 0;
		};
		B2C066512981933400BD5DBA /* Resources */ = {
			isa = PBXResourcesBuildPhase;
			buildActionMask = 2147483647;
			files = (
				B2A13A2729882A8E00D23A20 /* .gitignore in Resources */,
				B2C0665E2981933600BD5DBA /* Preview Assets.xcassets in Resources */,
				B2C0665B2981933600BD5DBA /* Assets.xcassets in Resources */,
				B2C066712984171800BD5DBA /* departuresData.json in Resources */,
			);
			runOnlyForDeploymentPostprocessing = 0;
		};
/* End PBXResourcesBuildPhase section */

/* Begin PBXSourcesBuildPhase section */
		B290C68A2989970B00FA63FB /* Sources */ = {
			isa = PBXSourcesBuildPhase;
			buildActionMask = 2147483647;
			files = (
				B290C6A0298997E900FA63FB /* Config.swift in Sources */,
				B290C6A2298997E900FA63FB /* Now_BoardingApp.swift in Sources */,
				B2ACD575298EEB4D0099385F /* DepartureList.swift in Sources */,
				B2ACD574298EEAF00099385F /* DeparturesRow.swift in Sources */,
				B290C69D298997E900FA63FB /* Model Data.swift in Sources */,
				B290C6932989970B00FA63FB /* ContentView.swift in Sources */,
				B290C6A1298997E900FA63FB /* DeparturesService.swift in Sources */,
				B290C6A6298998CD00FA63FB /* DepartureDetailView.swift in Sources */,
			);
			runOnlyForDeploymentPostprocessing = 0;
		};
		B2C0664F2981933400BD5DBA /* Sources */ = {
			isa = PBXSourcesBuildPhase;
			buildActionMask = 2147483647;
			files = (
				B290C6A829899AD500FA63FB /* DepartureNavigation.swift in Sources */,
				B2A13A2D2988FD1300D23A20 /* ConfigEditor.swift in Sources */,
				B2C066602981933600BD5DBA /* Persistence.swift in Sources */,
				B2C066592981933400BD5DBA /* ContentView.swift in Sources */,
				B2C066732984175700BD5DBA /* DeparturesService.swift in Sources */,
				B2C0667B298424A300BD5DBA /* DepartureList.swift in Sources */,
				B2C0667D29842A1500BD5DBA /* DepartureDetailView.swift in Sources */,
				B2C066632981933600BD5DBA /* Now_Boarding.xcdatamodeld in Sources */,
				B2C066752984190B00BD5DBA /* Model Data.swift in Sources */,
				B2C0667929841A7000BD5DBA /* DeparturesRow.swift in Sources */,
				B2A13A22298823FD00D23A20 /* Config.swift in Sources */,
				B2C066572981933400BD5DBA /* Now_BoardingApp.swift in Sources */,
				B2A13A2B298832C400D23A20 /* ConfigSummary.swift in Sources */,
				B2A13A2929882B6D00D23A20 /* ConfigHost.swift in Sources */,
			);
			runOnlyForDeploymentPostprocessing = 0;
		};
/* End PBXSourcesBuildPhase section */

/* Begin XCBuildConfiguration section */
		B290C6992989970F00FA63FB /* Debug */ = {
			isa = XCBuildConfiguration;
			buildSettings = {
				ASSETCATALOG_COMPILER_APPICON_NAME = AppIcon;
				ASSETCATALOG_COMPILER_GLOBAL_ACCENT_COLOR_NAME = AccentColor;
				CODE_SIGN_STYLE = Automatic;
				CURRENT_PROJECT_VERSION = 1;
				DEVELOPMENT_ASSET_PATHS = "\"Now Boarding Watch Watch App/Preview Content\"";
				DEVELOPMENT_TEAM = 6RK8Z5STGL;
				ENABLE_PREVIEWS = YES;
				GENERATE_INFOPLIST_FILE = YES;
				INFOPLIST_KEY_CFBundleDisplayName = "Now Boarding Watch";
				INFOPLIST_KEY_UISupportedInterfaceOrientations = "UIInterfaceOrientationPortrait UIInterfaceOrientationPortraitUpsideDown";
				INFOPLIST_KEY_WKCompanionAppBundleIdentifier = "";
				INFOPLIST_KEY_WKRunsIndependentlyOfCompanionApp = YES;
				LD_RUNPATH_SEARCH_PATHS = (
					"$(inherited)",
					"@executable_path/Frameworks",
				);
				MARKETING_VERSION = 1.0;
				PRODUCT_BUNDLE_IDENTIFIER = .watchkitapp;
				PRODUCT_NAME = "$(TARGET_NAME)";
				SDKROOT = watchos;
				SKIP_INSTALL = YES;
				SWIFT_EMIT_LOC_STRINGS = YES;
				SWIFT_VERSION = 5.0;
				TARGETED_DEVICE_FAMILY = 4;
				WATCHOS_DEPLOYMENT_TARGET = 9.1;
			};
			name = Debug;
		};
		B290C69A2989970F00FA63FB /* Release */ = {
			isa = XCBuildConfiguration;
			buildSettings = {
				ASSETCATALOG_COMPILER_APPICON_NAME = AppIcon;
				ASSETCATALOG_COMPILER_GLOBAL_ACCENT_COLOR_NAME = AccentColor;
				CODE_SIGN_STYLE = Automatic;
				CURRENT_PROJECT_VERSION = 1;
				DEVELOPMENT_ASSET_PATHS = "\"Now Boarding Watch Watch App/Preview Content\"";
				DEVELOPMENT_TEAM = 6RK8Z5STGL;
				ENABLE_PREVIEWS = YES;
				GENERATE_INFOPLIST_FILE = YES;
				INFOPLIST_KEY_CFBundleDisplayName = "Now Boarding Watch";
				INFOPLIST_KEY_UISupportedInterfaceOrientations = "UIInterfaceOrientationPortrait UIInterfaceOrientationPortraitUpsideDown";
				INFOPLIST_KEY_WKCompanionAppBundleIdentifier = "";
				INFOPLIST_KEY_WKRunsIndependentlyOfCompanionApp = YES;
				LD_RUNPATH_SEARCH_PATHS = (
					"$(inherited)",
					"@executable_path/Frameworks",
				);
				MARKETING_VERSION = 1.0;
				PRODUCT_BUNDLE_IDENTIFIER = .watchkitapp;
				PRODUCT_NAME = "$(TARGET_NAME)";
				SDKROOT = watchos;
				SKIP_INSTALL = YES;
				SWIFT_EMIT_LOC_STRINGS = YES;
				SWIFT_VERSION = 5.0;
				TARGETED_DEVICE_FAMILY = 4;
				WATCHOS_DEPLOYMENT_TARGET = 9.1;
			};
			name = Release;
		};
		B2C066642981933600BD5DBA /* Debug */ = {
			isa = XCBuildConfiguration;
			buildSettings = {
				ALWAYS_SEARCH_USER_PATHS = NO;
				CLANG_ANALYZER_NONNULL = YES;
				CLANG_ANALYZER_NUMBER_OBJECT_CONVERSION = YES_AGGRESSIVE;
				CLANG_CXX_LANGUAGE_STANDARD = "gnu++20";
				CLANG_ENABLE_MODULES = YES;
				CLANG_ENABLE_OBJC_ARC = YES;
				CLANG_ENABLE_OBJC_WEAK = YES;
				CLANG_WARN_BLOCK_CAPTURE_AUTORELEASING = YES;
				CLANG_WARN_BOOL_CONVERSION = YES;
				CLANG_WARN_COMMA = YES;
				CLANG_WARN_CONSTANT_CONVERSION = YES;
				CLANG_WARN_DEPRECATED_OBJC_IMPLEMENTATIONS = YES;
				CLANG_WARN_DIRECT_OBJC_ISA_USAGE = YES_ERROR;
				CLANG_WARN_DOCUMENTATION_COMMENTS = YES;
				CLANG_WARN_EMPTY_BODY = YES;
				CLANG_WARN_ENUM_CONVERSION = YES;
				CLANG_WARN_INFINITE_RECURSION = YES;
				CLANG_WARN_INT_CONVERSION = YES;
				CLANG_WARN_NON_LITERAL_NULL_CONVERSION = YES;
				CLANG_WARN_OBJC_IMPLICIT_RETAIN_SELF = YES;
				CLANG_WARN_OBJC_LITERAL_CONVERSION = YES;
				CLANG_WARN_OBJC_ROOT_CLASS = YES_ERROR;
				CLANG_WARN_QUOTED_INCLUDE_IN_FRAMEWORK_HEADER = YES;
				CLANG_WARN_RANGE_LOOP_ANALYSIS = YES;
				CLANG_WARN_STRICT_PROTOTYPES = YES;
				CLANG_WARN_SUSPICIOUS_MOVE = YES;
				CLANG_WARN_UNGUARDED_AVAILABILITY = YES_AGGRESSIVE;
				CLANG_WARN_UNREACHABLE_CODE = YES;
				CLANG_WARN__DUPLICATE_METHOD_MATCH = YES;
				COPY_PHASE_STRIP = NO;
				DEBUG_INFORMATION_FORMAT = dwarf;
				ENABLE_STRICT_OBJC_MSGSEND = YES;
				ENABLE_TESTABILITY = YES;
				GCC_C_LANGUAGE_STANDARD = gnu11;
				GCC_DYNAMIC_NO_PIC = NO;
				GCC_NO_COMMON_BLOCKS = YES;
				GCC_OPTIMIZATION_LEVEL = 0;
				GCC_PREPROCESSOR_DEFINITIONS = (
					"DEBUG=1",
					"$(inherited)",
				);
				GCC_WARN_64_TO_32_BIT_CONVERSION = YES;
				GCC_WARN_ABOUT_RETURN_TYPE = YES_ERROR;
				GCC_WARN_UNDECLARED_SELECTOR = YES;
				GCC_WARN_UNINITIALIZED_AUTOS = YES_AGGRESSIVE;
				GCC_WARN_UNUSED_FUNCTION = YES;
				GCC_WARN_UNUSED_VARIABLE = YES;
				IPHONEOS_DEPLOYMENT_TARGET = 16.2;
				MTL_ENABLE_DEBUG_INFO = INCLUDE_SOURCE;
				MTL_FAST_MATH = YES;
				ONLY_ACTIVE_ARCH = YES;
				SDKROOT = iphoneos;
				SWIFT_ACTIVE_COMPILATION_CONDITIONS = DEBUG;
				SWIFT_OPTIMIZATION_LEVEL = "-Onone";
			};
			name = Debug;
		};
		B2C066652981933600BD5DBA /* Release */ = {
			isa = XCBuildConfiguration;
			buildSettings = {
				ALWAYS_SEARCH_USER_PATHS = NO;
				CLANG_ANALYZER_NONNULL = YES;
				CLANG_ANALYZER_NUMBER_OBJECT_CONVERSION = YES_AGGRESSIVE;
				CLANG_CXX_LANGUAGE_STANDARD = "gnu++20";
				CLANG_ENABLE_MODULES = YES;
				CLANG_ENABLE_OBJC_ARC = YES;
				CLANG_ENABLE_OBJC_WEAK = YES;
				CLANG_WARN_BLOCK_CAPTURE_AUTORELEASING = YES;
				CLANG_WARN_BOOL_CONVERSION = YES;
				CLANG_WARN_COMMA = YES;
				CLANG_WARN_CONSTANT_CONVERSION = YES;
				CLANG_WARN_DEPRECATED_OBJC_IMPLEMENTATIONS = YES;
				CLANG_WARN_DIRECT_OBJC_ISA_USAGE = YES_ERROR;
				CLANG_WARN_DOCUMENTATION_COMMENTS = YES;
				CLANG_WARN_EMPTY_BODY = YES;
				CLANG_WARN_ENUM_CONVERSION = YES;
				CLANG_WARN_INFINITE_RECURSION = YES;
				CLANG_WARN_INT_CONVERSION = YES;
				CLANG_WARN_NON_LITERAL_NULL_CONVERSION = YES;
				CLANG_WARN_OBJC_IMPLICIT_RETAIN_SELF = YES;
				CLANG_WARN_OBJC_LITERAL_CONVERSION = YES;
				CLANG_WARN_OBJC_ROOT_CLASS = YES_ERROR;
				CLANG_WARN_QUOTED_INCLUDE_IN_FRAMEWORK_HEADER = YES;
				CLANG_WARN_RANGE_LOOP_ANALYSIS = YES;
				CLANG_WARN_STRICT_PROTOTYPES = YES;
				CLANG_WARN_SUSPICIOUS_MOVE = YES;
				CLANG_WARN_UNGUARDED_AVAILABILITY = YES_AGGRESSIVE;
				CLANG_WARN_UNREACHABLE_CODE = YES;
				CLANG_WARN__DUPLICATE_METHOD_MATCH = YES;
				COPY_PHASE_STRIP = NO;
				DEBUG_INFORMATION_FORMAT = "dwarf-with-dsym";
				ENABLE_NS_ASSERTIONS = NO;
				ENABLE_STRICT_OBJC_MSGSEND = YES;
				GCC_C_LANGUAGE_STANDARD = gnu11;
				GCC_NO_COMMON_BLOCKS = YES;
				GCC_WARN_64_TO_32_BIT_CONVERSION = YES;
				GCC_WARN_ABOUT_RETURN_TYPE = YES_ERROR;
				GCC_WARN_UNDECLARED_SELECTOR = YES;
				GCC_WARN_UNINITIALIZED_AUTOS = YES_AGGRESSIVE;
				GCC_WARN_UNUSED_FUNCTION = YES;
				GCC_WARN_UNUSED_VARIABLE = YES;
				IPHONEOS_DEPLOYMENT_TARGET = 16.2;
				MTL_ENABLE_DEBUG_INFO = NO;
				MTL_FAST_MATH = YES;
				SDKROOT = iphoneos;
				SWIFT_COMPILATION_MODE = wholemodule;
				SWIFT_OPTIMIZATION_LEVEL = "-O";
				VALIDATE_PRODUCT = YES;
			};
			name = Release;
		};
		B2C066672981933600BD5DBA /* Debug */ = {
			isa = XCBuildConfiguration;
			buildSettings = {
				ASSETCATALOG_COMPILER_APPICON_NAME = AppIcon;
				ASSETCATALOG_COMPILER_GLOBAL_ACCENT_COLOR_NAME = AccentColor;
				CODE_SIGN_STYLE = Automatic;
				CURRENT_PROJECT_VERSION = 1;
				DEVELOPMENT_ASSET_PATHS = "\"Now Boarding/Preview Content\"";
				DEVELOPMENT_TEAM = 6RK8Z5STGL;
				ENABLE_PREVIEWS = YES;
				GENERATE_INFOPLIST_FILE = YES;
				INFOPLIST_KEY_UIApplicationSceneManifest_Generation = YES;
				INFOPLIST_KEY_UIApplicationSupportsIndirectInputEvents = YES;
				INFOPLIST_KEY_UILaunchScreen_Generation = YES;
				INFOPLIST_KEY_UISupportedInterfaceOrientations_iPad = "UIInterfaceOrientationPortrait UIInterfaceOrientationPortraitUpsideDown UIInterfaceOrientationLandscapeLeft UIInterfaceOrientationLandscapeRight";
				INFOPLIST_KEY_UISupportedInterfaceOrientations_iPhone = "UIInterfaceOrientationPortrait UIInterfaceOrientationLandscapeLeft UIInterfaceOrientationLandscapeRight";
				LD_RUNPATH_SEARCH_PATHS = (
					"$(inherited)",
					"@executable_path/Frameworks",
				);
				MARKETING_VERSION = 1.0;
				PRODUCT_BUNDLE_IDENTIFIER = "net.petercole.Now-Boarding";
				PRODUCT_NAME = "$(TARGET_NAME)";
				SWIFT_EMIT_LOC_STRINGS = YES;
				SWIFT_VERSION = 5.0;
				TARGETED_DEVICE_FAMILY = "1,2";
			};
			name = Debug;
		};
		B2C066682981933600BD5DBA /* Release */ = {
			isa = XCBuildConfiguration;
			buildSettings = {
				ASSETCATALOG_COMPILER_APPICON_NAME = AppIcon;
				ASSETCATALOG_COMPILER_GLOBAL_ACCENT_COLOR_NAME = AccentColor;
				CODE_SIGN_STYLE = Automatic;
				CURRENT_PROJECT_VERSION = 1;
				DEVELOPMENT_ASSET_PATHS = "\"Now Boarding/Preview Content\"";
				DEVELOPMENT_TEAM = 6RK8Z5STGL;
				ENABLE_PREVIEWS = YES;
				GENERATE_INFOPLIST_FILE = YES;
				INFOPLIST_KEY_UIApplicationSceneManifest_Generation = YES;
				INFOPLIST_KEY_UIApplicationSupportsIndirectInputEvents = YES;
				INFOPLIST_KEY_UILaunchScreen_Generation = YES;
				INFOPLIST_KEY_UISupportedInterfaceOrientations_iPad = "UIInterfaceOrientationPortrait UIInterfaceOrientationPortraitUpsideDown UIInterfaceOrientationLandscapeLeft UIInterfaceOrientationLandscapeRight";
				INFOPLIST_KEY_UISupportedInterfaceOrientations_iPhone = "UIInterfaceOrientationPortrait UIInterfaceOrientationLandscapeLeft UIInterfaceOrientationLandscapeRight";
				LD_RUNPATH_SEARCH_PATHS = (
					"$(inherited)",
					"@executable_path/Frameworks",
				);
				MARKETING_VERSION = 1.0;
				PRODUCT_BUNDLE_IDENTIFIER = "net.petercole.Now-Boarding";
				PRODUCT_NAME = "$(TARGET_NAME)";
				SWIFT_EMIT_LOC_STRINGS = YES;
				SWIFT_VERSION = 5.0;
				TARGETED_DEVICE_FAMILY = "1,2";
			};
			name = Release;
		};
/* End XCBuildConfiguration section */

/* Begin XCConfigurationList section */
		B290C69B2989970F00FA63FB /* Build configuration list for PBXNativeTarget "Now Boarding Watch Watch App" */ = {
			isa = XCConfigurationList;
			buildConfigurations = (
				B290C6992989970F00FA63FB /* Debug */,
				B290C69A2989970F00FA63FB /* Release */,
			);
			defaultConfigurationIsVisible = 0;
			defaultConfigurationName = Release;
		};
		B2C0664E2981933400BD5DBA /* Build configuration list for PBXProject "Now Boarding" */ = {
			isa = XCConfigurationList;
			buildConfigurations = (
				B2C066642981933600BD5DBA /* Debug */,
				B2C066652981933600BD5DBA /* Release */,
			);
			defaultConfigurationIsVisible = 0;
			defaultConfigurationName = Release;
		};
		B2C066662981933600BD5DBA /* Build configuration list for PBXNativeTarget "Now Boarding" */ = {
			isa = XCConfigurationList;
			buildConfigurations = (
				B2C066672981933600BD5DBA /* Debug */,
				B2C066682981933600BD5DBA /* Release */,
			);
			defaultConfigurationIsVisible = 0;
			defaultConfigurationName = Release;
		};
/* End XCConfigurationList section */

/* Begin XCVersionGroup section */
		B2C066612981933600BD5DBA /* Now_Boarding.xcdatamodeld */ = {
			isa = XCVersionGroup;
			children = (
				B2C066622981933600BD5DBA /* Now_Boarding.xcdatamodel */,
			);
			currentVersion = B2C066622981933600BD5DBA /* Now_Boarding.xcdatamodel */;
			path = Now_Boarding.xcdatamodeld;
			sourceTree = "<group>";
			versionGroupType = wrapper.xcdatamodel;
		};
/* End XCVersionGroup section */
	};
	rootObject = B2C0664B2981933400BD5DBA /* Project object */;
}
